
Microsoft Visual Studio Solution File, Format Version 12.00
# Visual Studio 15
VisualStudioVersion = 15.0.26430.13
MinimumVisualStudioVersion = 10.0.40219.1
Project("{FAE04EC0-301F-11D3-BF4B-00C04F79EFBC}") = "UrlsAndRoutes", "UrlsAndRoutes\UrlsAndRoutes.csproj", "{1C196E33-69AB-4828-B3FB-4E4301E4DC00}"
EndProject
Project("{FAE04EC0-301F-11D3-BF4B-00C04F79EFBC}") = "UrlsAndRoutes.Tests", "UrlsAndRoutes.Tests\UrlsAndRoutes.Tests.csproj", "{411BA2A2-7202-44BA-A4E5-665C1435C78B}"
EndProject
Global
	GlobalSection(SolutionConfigurationPlatforms) = preSolution
		Debug|Any CPU = Debug|Any CPU
		Release|Any CPU = Release|Any CPU
	EndGlobalSection
	GlobalSection(ProjectConfigurationPlatforms) = postSolution
		{1C196E33-69AB-4828-B3FB-4E4301E4DC00}.Debug|Any CPU.ActiveCfg = Debug|Any CPU
		{1C196E33-69AB-4828-B3FB-4E4301E4DC00}.Debug|Any CPU.Build.0 = Debug|Any CPU
		{1C196E33-69AB-4828-B3FB-4E4301E4DC00}.Release|Any CPU.ActiveCfg = Release|Any CPU
		{1C196E33-69AB-4828-B3FB-4E4301E4DC00}.Release|Any CPU.Build.0 = Release|Any CPU
		{411BA2A2-7202-44BA-A4E5-665C1435C78B}.Debug|Any CPU.ActiveCfg = Debug|Any CPU
		{411BA2A2-7202-44BA-A4E5-665C1435C78B}.Debug|Any CPU.Build.0 = Debug|Any CPU
		{411BA2A2-7202-44BA-A4E5-665C1435C78B}.Release|Any CPU.ActiveCfg = Release|Any CPU
		{411BA2A2-7202-44BA-A4E5-665C1435C78B}.Release|Any CPU.Build.0 = Release|Any CPU
	EndGlobalSection
	GlobalSection(SolutionProperties) = preSolution
		HideSolutionNode = FALSE
	EndGlobalSection
EndGlobal
